<?xml version="1.0" encoding="utf-8"?>
<Project ToolsVersion="4.0" xmlns="http://schemas.microsoft.com/developer/msbuild/2003">
  <ItemGroup>
    <ClCompile Include="Enemy.cpp">
      <Filter>ソースファイル</Filter>
    </ClCompile>
    <ClCompile Include="LoadData.cpp">
      <Filter>ソースファイル</Filter>
    </ClCompile>
    <ClCompile Include="main.cpp">
      <Filter>ソースファイル</Filter>
    </ClCompile>
    <ClCompile Include="Player.cpp">
      <Filter>ソースファイル</Filter>
    </ClCompile>
    <ClCompile Include="Title.cpp">
      <Filter>ソースファイル\RPG</Filter>
    </ClCompile>
    <ClCompile Include="Credit.cpp">
      <Filter>ソースファイル\RPG</Filter>
    </ClCompile>
    <ClCompile Include="ConsoleManager.cpp">
      <Filter>ソースファイル</Filter>
    </ClCompile>
    <ClCompile Include="GameFrame.cpp">
      <Filter>ソースファイル\RPG</Filter>
    </ClCompile>
    <ClCompile Include="DungeonMain.cpp">
      <Filter>ソースファイル\RPG</Filter>
    </ClCompile>
    <ClCompile Include="DungeonProcess.cpp">
      <Filter>ソースファイル\RPG</Filter>
    </ClCompile>
    <ClCompile Include="GameOver.cpp">
      <Filter>ソースファイル\RPG</Filter>
    </ClCompile>
  </ItemGroup>
  <ItemGroup>
    <ClInclude Include="ConsoleManager.h">
      <Filter>ヘッダファイル</Filter>
    </ClInclude>
    <ClInclude Include="Enemy.h">
      <Filter>ヘッダファイル</Filter>
    </ClInclude>
    <ClInclude Include="GlobalInfo.h">
      <Filter>ヘッダファイル</Filter>
    </ClInclude>
    <ClInclude Include="LoadData.h">
      <Filter>ヘッダファイル</Filter>
    </ClInclude>
    <ClInclude Include="Player.h">
      <Filter>ヘッダファイル</Filter>
    </ClInclude>
    <ClInclude Include="RPG.h">
      <Filter>ヘッダファイル</Filter>
    </ClInclude>
  </ItemGroup>
  <ItemGroup>
    <Filter Include="ソースファイル">
      <UniqueIdentifier>{742f9919-77d2-4ba1-9c56-24c1232b49a4}</UniqueIdentifier>
    </Filter>
    <Filter Include="ヘッダファイル">
      <UniqueIdentifier>{47d493aa-cd58-45ad-a2d8-5145a07d652d}</UniqueIdentifier>
    </Filter>
    <Filter Include="ソースファイル\RPG">
      <UniqueIdentifier>{13c9c5c3-dbc3-4306-8e1d-cff1f2448e13}</UniqueIdentifier>
    </Filter>
  </ItemGroup>
</Project>